
Microsoft Visual Studio Solution File, Format Version 12.00
# Visual Studio Version 17
VisualStudioVersion = 17.4.33110.190
MinimumVisualStudioVersion = 10.0.40219.1
Project("{8BC9CEB8-8B4A-11D0-8D11-00A0C91BC942}") = "cipher try", "cipher try\cipher try.vcxproj", "{8B8C0D0A-4585-4735-9221-8DA8F597B324}"
EndProject
Global
	GlobalSection(SolutionConfigurationPlatforms) = preSolution
		Debug|x64 = Debug|x64
		Debug|x86 = Debug|x86
		Release|x64 = Release|x64
		Release|x86 = Release|x86
	EndGlobalSection
	GlobalSection(ProjectConfigurationPlatforms) = postSolution
		{8B8C0D0A-4585-4735-9221-8DA8F597B324}.Debug|x64.ActiveCfg = Debug|x64
		{8B8C0D0A-4585-4735-9221-8DA8F597B324}.Debug|x64.Build.0 = Debug|x64
		{8B8C0D0A-4585-4735-9221-8DA8F597B324}.Debug|x86.ActiveCfg = Debug|Win32
		{8B8C0D0A-4585-4735-9221-8DA8F597B324}.Debug|x86.Build.0 = Debug|Win32
		{8B8C0D0A-4585-4735-9221-8DA8F597B324}.Release|x64.ActiveCfg = Release|x64
		{8B8C0D0A-4585-4735-9221-8DA8F597B324}.Release|x64.Build.0 = Release|x64
		{8B8C0D0A-4585-4735-9221-8DA8F597B324}.Release|x86.ActiveCfg = Release|Win32
		{8B8C0D0A-4585-4735-9221-8DA8F597B324}.Release|x86.Build.0 = Release|Win32
	EndGlobalSection
	GlobalSection(SolutionProperties) = preSolution
		HideSolutionNode = FALSE
	EndGlobalSection
	GlobalSection(ExtensibilityGlobals) = postSolution
		SolutionGuid = {2F39FFB1-A92E-4B7C-AB1C-CF61788BAEA1}
	EndGlobalSection
EndGlobal
